
Microsoft Visual Studio Solution File, Format Version 12.00
# Visual Studio Version 17
VisualStudioVersion = 17.5.002.0
MinimumVisualStudioVersion = 10.0.40219.1
Project("{9A19103F-16F7-4668-BE54-9A1E7A4F7556}") = "day_5", "day_5.csproj", "{F76CB16F-139B-40FD-935A-E4F10DDDAA0E}"
EndProject
Global
	GlobalSection(SolutionConfigurationPlatforms) = preSolution
		Debug|Any CPU = Debug|Any CPU
		Release|Any CPU = Release|Any CPU
	EndGlobalSection
	GlobalSection(ProjectConfigurationPlatforms) = postSolution
		{F76CB16F-139B-40FD-935A-E4F10DDDAA0E}.Debug|Any CPU.ActiveCfg = Debug|Any CPU
		{F76CB16F-139B-40FD-935A-E4F10DDDAA0E}.Debug|Any CPU.Build.0 = Debug|Any CPU
		{F76CB16F-139B-40FD-935A-E4F10DDDAA0E}.Release|Any CPU.ActiveCfg = Release|Any CPU
		{F76CB16F-139B-40FD-935A-E4F10DDDAA0E}.Release|Any CPU.Build.0 = Release|Any CPU
	EndGlobalSection
	GlobalSection(SolutionProperties) = preSolution
		HideSolutionNode = FALSE
	EndGlobalSection
	GlobalSection(ExtensibilityGlobals) = postSolution
		SolutionGuid = {847CBF17-B6ED-4515-9544-23EE2527947F}
	EndGlobalSection
EndGlobal
